// !$*UTF8*$!
{
	archiveVersion = 1;
	classes = {
	};
	objectVersion = 56;
	objects = {

/* Begin PBXBuildFile section */
		F364A5022B90AAAF00DD55D2 /* AppDelegate.swift in Sources */ = {isa = PBXBuildFile; fileRef = F364A5012B90AAAF00DD55D2 /* AppDelegate.swift */; };
		F364A5042B90AAAF00DD55D2 /* SceneDelegate.swift in Sources */ = {isa = PBXBuildFile; fileRef = F364A5032B90AAAF00DD55D2 /* SceneDelegate.swift */; };
		F364A5062B90AAAF00DD55D2 /* ViewController.swift in Sources */ = {isa = PBXBuildFile; fileRef = F364A5052B90AAAF00DD55D2 /* ViewController.swift */; };
		F364A5092B90AAAF00DD55D2 /* Main.storyboard in Resources */ = {isa = PBXBuildFile; fileRef = F364A5072B90AAAF00DD55D2 /* Main.storyboard */; };
		F364A50B2B90AAB000DD55D2 /* Assets.xcassets in Resources */ = {isa = PBXBuildFile; fileRef = F364A50A2B90AAB000DD55D2 /* Assets.xcassets */; };
		F364A50E2B90AAB000DD55D2 /* LaunchScreen.storyboard in Resources */ = {isa = PBXBuildFile; fileRef = F364A50C2B90AAB000DD55D2 /* LaunchScreen.storyboard */; };
		F364A51D2B90ABD300DD55D2 /* RickAndMortyVC.swift in Sources */ = {isa = PBXBuildFile; fileRef = F364A51C2B90ABD300DD55D2 /* RickAndMortyVC.swift */; };
		F364A5202B90AC9000DD55D2 /* SnapKit in Frameworks */ = {isa = PBXBuildFile; productRef = F364A51F2B90AC9000DD55D2 /* SnapKit */; };
		F364A5242B90CE3F00DD55D2 /* RickAndMortyService.swift in Sources */ = {isa = PBXBuildFile; fileRef = F364A5232B90CE3F00DD55D2 /* RickAndMortyService.swift */; };
		F364A5262B90CE5200DD55D2 /* RickAndMortyModel.swift in Sources */ = {isa = PBXBuildFile; fileRef = F364A5252B90CE5200DD55D2 /* RickAndMortyModel.swift */; };
		F364A5292B90D14400DD55D2 /* Alamofire in Frameworks */ = {isa = PBXBuildFile; productRef = F364A5282B90D14400DD55D2 /* Alamofire */; };
		F364A52C2B90D17100DD55D2 /* AlamofireImage in Frameworks */ = {isa = PBXBuildFile; productRef = F364A52B2B90D17100DD55D2 /* AlamofireImage */; };
		F37652762B91C39300F29ECD /* RickAndMortyTVC.swift in Sources */ = {isa = PBXBuildFile; fileRef = F37652752B91C39300F29ECD /* RickAndMortyTVC.swift */; };
		F3B86F502B91AE6F00AD6141 /* RickAndMortyVM.swift in Sources */ = {isa = PBXBuildFile; fileRef = F3B86F4F2B91AE6F00AD6141 /* RickAndMortyVM.swift */; };
/* End PBXBuildFile section */

/* Begin PBXFileReference section */
		F364A4FE2B90AAAF00DD55D2 /* RickAndMorty.app */ = {isa = PBXFileReference; explicitFileType = wrapper.application; includeInIndex = 0; path = RickAndMorty.app; sourceTree = BUILT_PRODUCTS_DIR; };
		F364A5012B90AAAF00DD55D2 /* AppDelegate.swift */ = {isa = PBXFileReference; lastKnownFileType = sourcecode.swift; path = AppDelegate.swift; sourceTree = "<group>"; };
		F364A5032B90AAAF00DD55D2 /* SceneDelegate.swift */ = {isa = PBXFileReference; lastKnownFileType = sourcecode.swift; path = SceneDelegate.swift; sourceTree = "<group>"; };
		F364A5052B90AAAF00DD55D2 /* ViewController.swift */ = {isa = PBXFileReference; lastKnownFileType = sourcecode.swift; path = ViewController.swift; sourceTree = "<group>"; };
		F364A5082B90AAAF00DD55D2 /* Base */ = {isa = PBXFileReference; lastKnownFileType = file.storyboard; name = Base; path = Base.lproj/Main.storyboard; sourceTree = "<group>"; };
		F364A50A2B90AAB000DD55D2 /* Assets.xcassets */ = {isa = PBXFileReference; lastKnownFileType = folder.assetcatalog; path = Assets.xcassets; sourceTree = "<group>"; };
		F364A50D2B90AAB000DD55D2 /* Base */ = {isa = PBXFileReference; lastKnownFileType = file.storyboard; name = Base; path = Base.lproj/LaunchScreen.storyboard; sourceTree = "<group>"; };
		F364A50F2B90AAB000DD55D2 /* Info.plist */ = {isa = PBXFileReference; lastKnownFileType = text.plist.xml; path = Info.plist; sourceTree = "<group>"; };
		F364A51C2B90ABD300DD55D2 /* RickAndMortyVC.swift */ = {isa = PBXFileReference; lastKnownFileType = sourcecode.swift; name = RickAndMortyVC.swift; path = RickAndMorty/Features/RickAndMorty/View/RickAndMortyVC.swift; sourceTree = SOURCE_ROOT; };
		F364A5232B90CE3F00DD55D2 /* RickAndMortyService.swift */ = {isa = PBXFileReference; lastKnownFileType = sourcecode.swift; path = RickAndMortyService.swift; sourceTree = "<group>"; };
		F364A5252B90CE5200DD55D2 /* RickAndMortyModel.swift */ = {isa = PBXFileReference; lastKnownFileType = sourcecode.swift; path = RickAndMortyModel.swift; sourceTree = "<group>"; };
		F37652752B91C39300F29ECD /* RickAndMortyTVC.swift */ = {isa = PBXFileReference; lastKnownFileType = sourcecode.swift; path = RickAndMortyTVC.swift; sourceTree = "<group>"; };
		F3B86F4F2B91AE6F00AD6141 /* RickAndMortyVM.swift */ = {isa = PBXFileReference; lastKnownFileType = sourcecode.swift; path = RickAndMortyVM.swift; sourceTree = "<group>"; };
/* End PBXFileReference section */

/* Begin PBXFrameworksBuildPhase section */
		F364A4FB2B90AAAF00DD55D2 /* Frameworks */ = {
			isa = PBXFrameworksBuildPhase;
			buildActionMask = 2147483647;
			files = (
				F364A5292B90D14400DD55D2 /* Alamofire in Frameworks */,
				F364A52C2B90D17100DD55D2 /* AlamofireImage in Frameworks */,
				F364A5202B90AC9000DD55D2 /* SnapKit in Frameworks */,
			);
			runOnlyForDeploymentPostprocessing = 0;
		};
/* End PBXFrameworksBuildPhase section */

/* Begin PBXGroup section */
		F364A4F52B90AAAF00DD55D2 = {
			isa = PBXGroup;
			children = (
				F364A5002B90AAAF00DD55D2 /* RickAndMorty */,
				F364A4FF2B90AAAF00DD55D2 /* Products */,
			);
			sourceTree = "<group>";
		};
		F364A4FF2B90AAAF00DD55D2 /* Products */ = {
			isa = PBXGroup;
			children = (
				F364A4FE2B90AAAF00DD55D2 /* RickAndMorty.app */,
			);
			name = Products;
			sourceTree = "<group>";
		};
		F364A5002B90AAAF00DD55D2 /* RickAndMorty */ = {
			isa = PBXGroup;
			children = (
				F364A5162B90AB4000DD55D2 /* Features */,
				F364A5152B90AB2100DD55D2 /* Core */,
				F364A50C2B90AAB000DD55D2 /* LaunchScreen.storyboard */,
				F364A50F2B90AAB000DD55D2 /* Info.plist */,
			);
			path = RickAndMorty;
			sourceTree = "<group>";
		};
		F364A5152B90AB2100DD55D2 /* Core */ = {
			isa = PBXGroup;
			children = (
				F364A5012B90AAAF00DD55D2 /* AppDelegate.swift */,
				F364A5032B90AAAF00DD55D2 /* SceneDelegate.swift */,
				F364A5052B90AAAF00DD55D2 /* ViewController.swift */,
				F364A5072B90AAAF00DD55D2 /* Main.storyboard */,
				F364A50A2B90AAB000DD55D2 /* Assets.xcassets */,
			);
			path = Core;
			sourceTree = "<group>";
		};
		F364A5162B90AB4000DD55D2 /* Features */ = {
			isa = PBXGroup;
			children = (
				F364A5172B90AB6E00DD55D2 /* RickAndMorty */,
			);
			path = Features;
			sourceTree = "<group>";
		};
		F364A5172B90AB6E00DD55D2 /* RickAndMorty */ = {
			isa = PBXGroup;
			children = (
				F364A51B2B90ABB500DD55D2 /* Service */,
				F364A5182B90AB8100DD55D2 /* Model */,
				F364A5192B90AB8700DD55D2 /* View */,
				F364A51A2B90AB9200DD55D2 /* ViewModel */,
			);
			path = RickAndMorty;
			sourceTree = "<group>";
		};
		F364A5182B90AB8100DD55D2 /* Model */ = {
			isa = PBXGroup;
			children = (
				F364A5252B90CE5200DD55D2 /* RickAndMortyModel.swift */,
			);
			path = Model;
			sourceTree = "<group>";
		};
		F364A5192B90AB8700DD55D2 /* View */ = {
			isa = PBXGroup;
			children = (
				F37652742B91C36100F29ECD /* TableViewCell */,
				F364A51C2B90ABD300DD55D2 /* RickAndMortyVC.swift */,
			);
			path = View;
			sourceTree = "<group>";
		};
		F364A51A2B90AB9200DD55D2 /* ViewModel */ = {
			isa = PBXGroup;
			children = (
				F3B86F4F2B91AE6F00AD6141 /* RickAndMortyVM.swift */,
			);
			path = ViewModel;
			sourceTree = "<group>";
		};
		F364A51B2B90ABB500DD55D2 /* Service */ = {
			isa = PBXGroup;
			children = (
				F364A5232B90CE3F00DD55D2 /* RickAndMortyService.swift */,
			);
			path = Service;
			sourceTree = "<group>";
		};
		F37652742B91C36100F29ECD /* TableViewCell */ = {
			isa = PBXGroup;
			children = (
				F37652752B91C39300F29ECD /* RickAndMortyTVC.swift */,
			);
			path = TableViewCell;
			sourceTree = "<group>";
		};
/* End PBXGroup section */

/* Begin PBXNativeTarget section */
		F364A4FD2B90AAAF00DD55D2 /* RickAndMorty */ = {
			isa = PBXNativeTarget;
			buildConfigurationList = F364A5122B90AAB000DD55D2 /* Build configuration list for PBXNativeTarget "RickAndMorty" */;
			buildPhases = (
				F364A4FA2B90AAAF00DD55D2 /* Sources */,
				F364A4FB2B90AAAF00DD55D2 /* Frameworks */,
				F364A4FC2B90AAAF00DD55D2 /* Resources */,
			);
			buildRules = (
			);
			dependencies = (
			);
			name = RickAndMorty;
			packageProductDependencies = (
				F364A51F2B90AC9000DD55D2 /* SnapKit */,
				F364A5282B90D14400DD55D2 /* Alamofire */,
				F364A52B2B90D17100DD55D2 /* AlamofireImage */,
			);
			productName = RickAndMorty;
			productReference = F364A4FE2B90AAAF00DD55D2 /* RickAndMorty.app */;
			productType = "com.apple.product-type.application";
		};
/* End PBXNativeTarget section */

/* Begin PBXProject section */
		F364A4F62B90AAAF00DD55D2 /* Project object */ = {
			isa = PBXProject;
			attributes = {
				BuildIndependentTargetsInParallel = 1;
				LastSwiftUpdateCheck = 1520;
				LastUpgradeCheck = 1520;
				TargetAttributes = {
					F364A4FD2B90AAAF00DD55D2 = {
						CreatedOnToolsVersion = 15.2;
					};
				};
			};
			buildConfigurationList = F364A4F92B90AAAF00DD55D2 /* Build configuration list for PBXProject "RickAndMorty" */;
			compatibilityVersion = "Xcode 14.0";
			developmentRegion = en;
			hasScannedForEncodings = 0;
			knownRegions = (
				en,
				Base,
			);
			mainGroup = F364A4F52B90AAAF00DD55D2;
			packageReferences = (
				F364A51E2B90AC9000DD55D2 /* XCRemoteSwiftPackageReference "SnapKit" */,
				F364A5272B90D14400DD55D2 /* XCRemoteSwiftPackageReference "Alamofire" */,
				F364A52A2B90D17100DD55D2 /* XCRemoteSwiftPackageReference "AlamofireImage" */,
			);
			productRefGroup = F364A4FF2B90AAAF00DD55D2 /* Products */;
			projectDirPath = "";
			projectRoot = "";
			targets = (
				F364A4FD2B90AAAF00DD55D2 /* RickAndMorty */,
			);
		};
/* End PBXProject section */

/* Begin PBXResourcesBuildPhase section */
		F364A4FC2B90AAAF00DD55D2 /* Resources */ = {
			isa = PBXResourcesBuildPhase;
			buildActionMask = 2147483647;
			files = (
				F364A50E2B90AAB000DD55D2 /* LaunchScreen.storyboard in Resources */,
				F364A50B2B90AAB000DD55D2 /* Assets.xcassets in Resources */,
				F364A5092B90AAAF00DD55D2 /* Main.storyboard in Resources */,
			);
			runOnlyForDeploymentPostprocessing = 0;
		};
/* End PBXResourcesBuildPhase section */

/* Begin PBXSourcesBuildPhase section */
		F364A4FA2B90AAAF00DD55D2 /* Sources */ = {
			isa = PBXSourcesBuildPhase;
			buildActionMask = 2147483647;
			files = (
				F364A5262B90CE5200DD55D2 /* RickAndMortyModel.swift in Sources */,
				F364A5242B90CE3F00DD55D2 /* RickAndMortyService.swift in Sources */,
				F364A5062B90AAAF00DD55D2 /* ViewController.swift in Sources */,
				F3B86F502B91AE6F00AD6141 /* RickAndMortyVM.swift in Sources */,
				F37652762B91C39300F29ECD /* RickAndMortyTVC.swift in Sources */,
				F364A5022B90AAAF00DD55D2 /* AppDelegate.swift in Sources */,
				F364A5042B90AAAF00DD55D2 /* SceneDelegate.swift in Sources */,
				F364A51D2B90ABD300DD55D2 /* RickAndMortyVC.swift in Sources */,
			);
			runOnlyForDeploymentPostprocessing = 0;
		};
/* End PBXSourcesBuildPhase section */

/* Begin PBXVariantGroup section */
		F364A5072B90AAAF00DD55D2 /* Main.storyboard */ = {
			isa = PBXVariantGroup;
			children = (
				F364A5082B90AAAF00DD55D2 /* Base */,
			);
			name = Main.storyboard;
			sourceTree = "<group>";
		};
		F364A50C2B90AAB000DD55D2 /* LaunchScreen.storyboard */ = {
			isa = PBXVariantGroup;
			children = (
				F364A50D2B90AAB000DD55D2 /* Base */,
			);
			name = LaunchScreen.storyboard;
			sourceTree = "<group>";
		};
/* End PBXVariantGroup section */

/* Begin XCBuildConfiguration section */
		F364A5102B90AAB000DD55D2 /* Debug */ = {
			isa = XCBuildConfiguration;
			buildSettings = {
				ALWAYS_SEARCH_USER_PATHS = NO;
				ASSETCATALOG_COMPILER_GENERATE_SWIFT_ASSET_SYMBOL_EXTENSIONS = YES;
				CLANG_ANALYZER_NONNULL = YES;
				CLANG_ANALYZER_NUMBER_OBJECT_CONVERSION = YES_AGGRESSIVE;
				CLANG_CXX_LANGUAGE_STANDARD = "gnu++20";
				CLANG_ENABLE_MODULES = YES;
				CLANG_ENABLE_OBJC_ARC = YES;
				CLANG_ENABLE_OBJC_WEAK = YES;
				CLANG_WARN_BLOCK_CAPTURE_AUTORELEASING = YES;
				CLANG_WARN_BOOL_CONVERSION = YES;
				CLANG_WARN_COMMA = YES;
				CLANG_WARN_CONSTANT_CONVERSION = YES;
				CLANG_WARN_DEPRECATED_OBJC_IMPLEMENTATIONS = YES;
				CLANG_WARN_DIRECT_OBJC_ISA_USAGE = YES_ERROR;
				CLANG_WARN_DOCUMENTATION_COMMENTS = YES;
				CLANG_WARN_EMPTY_BODY = YES;
				CLANG_WARN_ENUM_CONVERSION = YES;
				CLANG_WARN_INFINITE_RECURSION = YES;
				CLANG_WARN_INT_CONVERSION = YES;
				CLANG_WARN_NON_LITERAL_NULL_CONVERSION = YES;
				CLANG_WARN_OBJC_IMPLICIT_RETAIN_SELF = YES;
				CLANG_WARN_OBJC_LITERAL_CONVERSION = YES;
				CLANG_WARN_OBJC_ROOT_CLASS = YES_ERROR;
				CLANG_WARN_QUOTED_INCLUDE_IN_FRAMEWORK_HEADER = YES;
				CLANG_WARN_RANGE_LOOP_ANALYSIS = YES;
				CLANG_WARN_STRICT_PROTOTYPES = YES;
				CLANG_WARN_SUSPICIOUS_MOVE = YES;
				CLANG_WARN_UNGUARDED_AVAILABILITY = YES_AGGRESSIVE;
				CLANG_WARN_UNREACHABLE_CODE = YES;
				CLANG_WARN__DUPLICATE_METHOD_MATCH = YES;
				COPY_PHASE_STRIP = NO;
				DEBUG_INFORMATION_FORMAT = dwarf;
				ENABLE_STRICT_OBJC_MSGSEND = YES;
				ENABLE_TESTABILITY = YES;
				ENABLE_USER_SCRIPT_SANDBOXING = YES;
				GCC_C_LANGUAGE_STANDARD = gnu17;
				GCC_DYNAMIC_NO_PIC = NO;
				GCC_NO_COMMON_BLOCKS = YES;
				GCC_OPTIMIZATION_LEVEL = 0;
				GCC_PREPROCESSOR_DEFINITIONS = (
					"DEBUG=1",
					"$(inherited)",
				);
				GCC_WARN_64_TO_32_BIT_CONVERSION = YES;
				GCC_WARN_ABOUT_RETURN_TYPE = YES_ERROR;
				GCC_WARN_UNDECLARED_SELECTOR = YES;
				GCC_WARN_UNINITIALIZED_AUTOS = YES_AGGRESSIVE;
				GCC_WARN_UNUSED_FUNCTION = YES;
				GCC_WARN_UNUSED_VARIABLE = YES;
				IPHONEOS_DEPLOYMENT_TARGET = 17.2;
				LOCALIZATION_PREFERS_STRING_CATALOGS = YES;
				MTL_ENABLE_DEBUG_INFO = INCLUDE_SOURCE;
				MTL_FAST_MATH = YES;
				ONLY_ACTIVE_ARCH = YES;
				SDKROOT = iphoneos;
				SWIFT_ACTIVE_COMPILATION_CONDITIONS = "DEBUG $(inherited)";
				SWIFT_OPTIMIZATION_LEVEL = "-Onone";
			};
			name = Debug;
		};
		F364A5112B90AAB000DD55D2 /* Release */ = {
			isa = XCBuildConfiguration;
			buildSettings = {
				ALWAYS_SEARCH_USER_PATHS = NO;
				ASSETCATALOG_COMPILER_GENERATE_SWIFT_ASSET_SYMBOL_EXTENSIONS = YES;
				CLANG_ANALYZER_NONNULL = YES;
				CLANG_ANALYZER_NUMBER_OBJECT_CONVERSION = YES_AGGRESSIVE;
				CLANG_CXX_LANGUAGE_STANDARD = "gnu++20";
				CLANG_ENABLE_MODULES = YES;
				CLANG_ENABLE_OBJC_ARC = YES;
				CLANG_ENABLE_OBJC_WEAK = YES;
				CLANG_WARN_BLOCK_CAPTURE_AUTORELEASING = YES;
				CLANG_WARN_BOOL_CONVERSION = YES;
				CLANG_WARN_COMMA = YES;
				CLANG_WARN_CONSTANT_CONVERSION = YES;
				CLANG_WARN_DEPRECATED_OBJC_IMPLEMENTATIONS = YES;
				CLANG_WARN_DIRECT_OBJC_ISA_USAGE = YES_ERROR;
				CLANG_WARN_DOCUMENTATION_COMMENTS = YES;
				CLANG_WARN_EMPTY_BODY = YES;
				CLANG_WARN_ENUM_CONVERSION = YES;
				CLANG_WARN_INFINITE_RECURSION = YES;
				CLANG_WARN_INT_CONVERSION = YES;
				CLANG_WARN_NON_LITERAL_NULL_CONVERSION = YES;
				CLANG_WARN_OBJC_IMPLICIT_RETAIN_SELF = YES;
				CLANG_WARN_OBJC_LITERAL_CONVERSION = YES;
				CLANG_WARN_OBJC_ROOT_CLASS = YES_ERROR;
				CLANG_WARN_QUOTED_INCLUDE_IN_FRAMEWORK_HEADER = YES;
				CLANG_WARN_RANGE_LOOP_ANALYSIS = YES;
				CLANG_WARN_STRICT_PROTOTYPES = YES;
				CLANG_WARN_SUSPICIOUS_MOVE = YES;
				CLANG_WARN_UNGUARDED_AVAILABILITY = YES_AGGRESSIVE;
				CLANG_WARN_UNREACHABLE_CODE = YES;
				CLANG_WARN__DUPLICATE_METHOD_MATCH = YES;
				COPY_PHASE_STRIP = NO;
				DEBUG_INFORMATION_FORMAT = "dwarf-with-dsym";
				ENABLE_NS_ASSERTIONS = NO;
				ENABLE_STRICT_OBJC_MSGSEND = YES;
				ENABLE_USER_SCRIPT_SANDBOXING = YES;
				GCC_C_LANGUAGE_STANDARD = gnu17;
				GCC_NO_COMMON_BLOCKS = YES;
				GCC_WARN_64_TO_32_BIT_CONVERSION = YES;
				GCC_WARN_ABOUT_RETURN_TYPE = YES_ERROR;
				GCC_WARN_UNDECLARED_SELECTOR = YES;
				GCC_WARN_UNINITIALIZED_AUTOS = YES_AGGRESSIVE;
				GCC_WARN_UNUSED_FUNCTION = YES;
				GCC_WARN_UNUSED_VARIABLE = YES;
				IPHONEOS_DEPLOYMENT_TARGET = 17.2;
				LOCALIZATION_PREFERS_STRING_CATALOGS = YES;
				MTL_ENABLE_DEBUG_INFO = NO;
				MTL_FAST_MATH = YES;
				SDKROOT = iphoneos;
				SWIFT_COMPILATION_MODE = wholemodule;
				VALIDATE_PRODUCT = YES;
			};
			name = Release;
		};
		F364A5132B90AAB000DD55D2 /* Debug */ = {
			isa = XCBuildConfiguration;
			buildSettings = {
				ASSETCATALOG_COMPILER_APPICON_NAME = AppIcon;
				ASSETCATALOG_COMPILER_GLOBAL_ACCENT_COLOR_NAME = AccentColor;
				CODE_SIGN_STYLE = Automatic;
				CURRENT_PROJECT_VERSION = 1;
				DEVELOPMENT_TEAM = MR8M57SP95;
				GENERATE_INFOPLIST_FILE = YES;
				INFOPLIST_FILE = RickAndMorty/Info.plist;
				INFOPLIST_KEY_UIApplicationSupportsIndirectInputEvents = YES;
				INFOPLIST_KEY_UILaunchStoryboardName = LaunchScreen;
				INFOPLIST_KEY_UIMainStoryboardFile = Main;
				INFOPLIST_KEY_UISupportedInterfaceOrientations_iPad = "UIInterfaceOrientationPortrait UIInterfaceOrientationPortraitUpsideDown UIInterfaceOrientationLandscapeLeft UIInterfaceOrientationLandscapeRight";
				INFOPLIST_KEY_UISupportedInterfaceOrientations_iPhone = "UIInterfaceOrientationPortrait UIInterfaceOrientationLandscapeLeft UIInterfaceOrientationLandscapeRight";
				LD_RUNPATH_SEARCH_PATHS = (
					"$(inherited)",
					"@executable_path/Frameworks",
				);
				MARKETING_VERSION = 1.0;
				PRODUCT_BUNDLE_IDENTIFIER = com.fatihemre.RickAndMorty;
				PRODUCT_NAME = "$(TARGET_NAME)";
				SWIFT_EMIT_LOC_STRINGS = YES;
				SWIFT_VERSION = 5.0;
				TARGETED_DEVICE_FAMILY = "1,2";
			};
			name = Debug;
		};
		F364A5142B90AAB000DD55D2 /* Release */ = {
			isa = XCBuildConfiguration;
			buildSettings = {
				ASSETCATALOG_COMPILER_APPICON_NAME = AppIcon;
				ASSETCATALOG_COMPILER_GLOBAL_ACCENT_COLOR_NAME = AccentColor;
				CODE_SIGN_STYLE = Automatic;
				CURRENT_PROJECT_VERSION = 1;
				DEVELOPMENT_TEAM = MR8M57SP95;
				GENERATE_INFOPLIST_FILE = YES;
				INFOPLIST_FILE = RickAndMorty/Info.plist;
				INFOPLIST_KEY_UIApplicationSupportsIndirectInputEvents = YES;
				INFOPLIST_KEY_UILaunchStoryboardName = LaunchScreen;
				INFOPLIST_KEY_UIMainStoryboardFile = Main;
				INFOPLIST_KEY_UISupportedInterfaceOrientations_iPad = "UIInterfaceOrientationPortrait UIInterfaceOrientationPortraitUpsideDown UIInterfaceOrientationLandscapeLeft UIInterfaceOrientationLandscapeRight";
				INFOPLIST_KEY_UISupportedInterfaceOrientations_iPhone = "UIInterfaceOrientationPortrait UIInterfaceOrientationLandscapeLeft UIInterfaceOrientationLandscapeRight";
				LD_RUNPATH_SEARCH_PATHS = (
					"$(inherited)",
					"@executable_path/Frameworks",
				);
				MARKETING_VERSION = 1.0;
				PRODUCT_BUNDLE_IDENTIFIER = com.fatihemre.RickAndMorty;
				PRODUCT_NAME = "$(TARGET_NAME)";
				SWIFT_EMIT_LOC_STRINGS = YES;
				SWIFT_VERSION = 5.0;
				TARGETED_DEVICE_FAMILY = "1,2";
			};
			name = Release;
		};
/* End XCBuildConfiguration section */

/* Begin XCConfigurationList section */
		F364A4F92B90AAAF00DD55D2 /* Build configuration list for PBXProject "RickAndMorty" */ = {
			isa = XCConfigurationList;
			buildConfigurations = (
				F364A5102B90AAB000DD55D2 /* Debug */,
				F364A5112B90AAB000DD55D2 /* Release */,
			);
			defaultConfigurationIsVisible = 0;
			defaultConfigurationName = Release;
		};
		F364A5122B90AAB000DD55D2 /* Build configuration list for PBXNativeTarget "RickAndMorty" */ = {
			isa = XCConfigurationList;
			buildConfigurations = (
				F364A5132B90AAB000DD55D2 /* Debug */,
				F364A5142B90AAB000DD55D2 /* Release */,
			);
			defaultConfigurationIsVisible = 0;
			defaultConfigurationName = Release;
		};
/* End XCConfigurationList section */

/* Begin XCRemoteSwiftPackageReference section */
		F364A51E2B90AC9000DD55D2 /* XCRemoteSwiftPackageReference "SnapKit" */ = {
			isa = XCRemoteSwiftPackageReference;
			repositoryURL = "https://github.com/SnapKit/SnapKit";
			requirement = {
				kind = upToNextMajorVersion;
				minimumVersion = 5.7.1;
			};
		};
		F364A5272B90D14400DD55D2 /* XCRemoteSwiftPackageReference "Alamofire" */ = {
			isa = XCRemoteSwiftPackageReference;
			repositoryURL = "https://github.com/Alamofire/Alamofire";
			requirement = {
				kind = upToNextMajorVersion;
				minimumVersion = 5.8.1;
			};
		};
		F364A52A2B90D17100DD55D2 /* XCRemoteSwiftPackageReference "AlamofireImage" */ = {
			isa = XCRemoteSwiftPackageReference;
			repositoryURL = "https://github.com/Alamofire/AlamofireImage";
			requirement = {
				kind = upToNextMajorVersion;
				minimumVersion = 4.3.0;
			};
		};
/* End XCRemoteSwiftPackageReference section */

/* Begin XCSwiftPackageProductDependency section */
		F364A51F2B90AC9000DD55D2 /* SnapKit */ = {
			isa = XCSwiftPackageProductDependency;
			package = F364A51E2B90AC9000DD55D2 /* XCRemoteSwiftPackageReference "SnapKit" */;
			productName = SnapKit;
		};
		F364A5282B90D14400DD55D2 /* Alamofire */ = {
			isa = XCSwiftPackageProductDependency;
			package = F364A5272B90D14400DD55D2 /* XCRemoteSwiftPackageReference "Alamofire" */;
			productName = Alamofire;
		};
		F364A52B2B90D17100DD55D2 /* AlamofireImage */ = {
			isa = XCSwiftPackageProductDependency;
			package = F364A52A2B90D17100DD55D2 /* XCRemoteSwiftPackageReference "AlamofireImage" */;
			productName = AlamofireImage;
		};
/* End XCSwiftPackageProductDependency section */
	};
	rootObject = F364A4F62B90AAAF00DD55D2 /* Project object */;
}
